
Microsoft Visual Studio Solution File, Format Version 12.00
# Visual Studio Version 17
VisualStudioVersion = 17.6.33829.357
MinimumVisualStudioVersion = 10.0.40219.1
Project("{FAE04EC0-301F-11D3-BF4B-00C04F79EFBC}") = "OVP", "OVP.csproj", "{090FE480-1CDE-462B-AEB9-9DA6B98D30B1}"
EndProject
Global
	GlobalSection(SolutionConfigurationPlatforms) = preSolution
		Debug|Any CPU = Debug|Any CPU
		Release|Any CPU = Release|Any CPU
	EndGlobalSection
	GlobalSection(ProjectConfigurationPlatforms) = postSolution
		{090FE480-1CDE-462B-AEB9-9DA6B98D30B1}.Debug|Any CPU.ActiveCfg = Debug|Any CPU
		{090FE480-1CDE-462B-AEB9-9DA6B98D30B1}.Debug|Any CPU.Build.0 = Debug|Any CPU
		{090FE480-1CDE-462B-AEB9-9DA6B98D30B1}.Release|Any CPU.ActiveCfg = Release|Any CPU
		{090FE480-1CDE-462B-AEB9-9DA6B98D30B1}.Release|Any CPU.Build.0 = Release|Any CPU
	EndGlobalSection
	GlobalSection(SolutionProperties) = preSolution
		HideSolutionNode = FALSE
	EndGlobalSection
	GlobalSection(ExtensibilityGlobals) = postSolution
		SolutionGuid = {798AF43E-2446-4AFC-B3E9-9C7FEBBA1501}
	EndGlobalSection
EndGlobal
